// !$*UTF8*$!
{
	archiveVersion = 1;
	classes = {
	};
	objectVersion = 50;
	objects = {

/* Begin PBXBuildFile section */
		172867992525A535009407BA /* tableView.png in Resources */ = {isa = PBXBuildFile; fileRef = 172867982525A534009407BA /* tableView.png */; };
		1728679E2525AD83009407BA /* Pokedex.png in Resources */ = {isa = PBXBuildFile; fileRef = 1728679D2525AD82009407BA /* Pokedex.png */; };
		176832B42522E1170027311F /* AppDelegate.swift in Sources */ = {isa = PBXBuildFile; fileRef = 176832B32522E1170027311F /* AppDelegate.swift */; };
		176832B62522E1170027311F /* SceneDelegate.swift in Sources */ = {isa = PBXBuildFile; fileRef = 176832B52522E1170027311F /* SceneDelegate.swift */; };
		176832B82522E1170027311F /* PokemonViewController.swift in Sources */ = {isa = PBXBuildFile; fileRef = 176832B72522E1170027311F /* PokemonViewController.swift */; };
		176832BB2522E1170027311F /* Main.storyboard in Resources */ = {isa = PBXBuildFile; fileRef = 176832B92522E1170027311F /* Main.storyboard */; };
		176832BD2522E11B0027311F /* Assets.xcassets in Resources */ = {isa = PBXBuildFile; fileRef = 176832BC2522E11B0027311F /* Assets.xcassets */; };
		176832C02522E11B0027311F /* LaunchScreen.storyboard in Resources */ = {isa = PBXBuildFile; fileRef = 176832BE2522E11B0027311F /* LaunchScreen.storyboard */; };
		176832CB2522E11C0027311F /* PokedexTests.swift in Sources */ = {isa = PBXBuildFile; fileRef = 176832CA2522E11C0027311F /* PokedexTests.swift */; };
		176832D62522E11C0027311F /* PokedexUITests.swift in Sources */ = {isa = PBXBuildFile; fileRef = 176832D52522E11C0027311F /* PokedexUITests.swift */; };
		176832E92522E1530027311F /* pokemons.json in Resources */ = {isa = PBXBuildFile; fileRef = 176832E62522E1520027311F /* pokemons.json */; };
		176832EA2522E1530027311F /* PokemonGenerator.swift in Sources */ = {isa = PBXBuildFile; fileRef = 176832E72522E1520027311F /* PokemonGenerator.swift */; };
		176832EB2522E1530027311F /* Pokemon.swift in Sources */ = {isa = PBXBuildFile; fileRef = 176832E82522E1530027311F /* Pokemon.swift */; };
		176832F32522E30E0027311F /* PokemonCollectionViewController.swift in Sources */ = {isa = PBXBuildFile; fileRef = 176832F22522E30E0027311F /* PokemonCollectionViewController.swift */; };
		17A9841525247992006A16D8 /* TableViewCell.swift in Sources */ = {isa = PBXBuildFile; fileRef = 17A9841425247992006A16D8 /* TableViewCell.swift */; };
		17C7D329252304A70062FBF8 /* CollectionViewCell.swift in Sources */ = {isa = PBXBuildFile; fileRef = 17C7D328252304A70062FBF8 /* CollectionViewCell.swift */; };
		17EE5BF4252465CB004A72D4 /* CollectionReusableView.swift in Sources */ = {isa = PBXBuildFile; fileRef = 17EE5BF3252465CB004A72D4 /* CollectionReusableView.swift */; };
/* End PBXBuildFile section */

/* Begin PBXContainerItemProxy section */
		176832C72522E11C0027311F /* PBXContainerItemProxy */ = {
			isa = PBXContainerItemProxy;
			containerPortal = 176832A82522E1170027311F /* Project object */;
			proxyType = 1;
			remoteGlobalIDString = 176832AF2522E1170027311F;
			remoteInfo = Pokedex;
		};
		176832D22522E11C0027311F /* PBXContainerItemProxy */ = {
			isa = PBXContainerItemProxy;
			containerPortal = 176832A82522E1170027311F /* Project object */;
			proxyType = 1;
			remoteGlobalIDString = 176832AF2522E1170027311F;
			remoteInfo = Pokedex;
		};
/* End PBXContainerItemProxy section */

/* Begin PBXFileReference section */
		172867982525A534009407BA /* tableView.png */ = {isa = PBXFileReference; lastKnownFileType = image.png; path = tableView.png; sourceTree = "<group>"; };
		1728679D2525AD82009407BA /* Pokedex.png */ = {isa = PBXFileReference; lastKnownFileType = image.png; path = Pokedex.png; sourceTree = "<group>"; };
		176832B02522E1170027311F /* Pokedex.app */ = {isa = PBXFileReference; explicitFileType = wrapper.application; includeInIndex = 0; path = Pokedex.app; sourceTree = BUILT_PRODUCTS_DIR; };
		176832B32522E1170027311F /* AppDelegate.swift */ = {isa = PBXFileReference; lastKnownFileType = sourcecode.swift; path = AppDelegate.swift; sourceTree = "<group>"; };
		176832B52522E1170027311F /* SceneDelegate.swift */ = {isa = PBXFileReference; lastKnownFileType = sourcecode.swift; path = SceneDelegate.swift; sourceTree = "<group>"; };
		176832B72522E1170027311F /* PokemonViewController.swift */ = {isa = PBXFileReference; lastKnownFileType = sourcecode.swift; path = PokemonViewController.swift; sourceTree = "<group>"; };
		176832BA2522E1170027311F /* Base */ = {isa = PBXFileReference; lastKnownFileType = file.storyboard; name = Base; path = Base.lproj/Main.storyboard; sourceTree = "<group>"; };
		176832BC2522E11B0027311F /* Assets.xcassets */ = {isa = PBXFileReference; lastKnownFileType = folder.assetcatalog; path = Assets.xcassets; sourceTree = "<group>"; };
		176832BF2522E11B0027311F /* Base */ = {isa = PBXFileReference; lastKnownFileType = file.storyboard; name = Base; path = Base.lproj/LaunchScreen.storyboard; sourceTree = "<group>"; };
		176832C62522E11C0027311F /* PokedexTests.xctest */ = {isa = PBXFileReference; explicitFileType = wrapper.cfbundle; includeInIndex = 0; path = PokedexTests.xctest; sourceTree = BUILT_PRODUCTS_DIR; };
		176832CA2522E11C0027311F /* PokedexTests.swift */ = {isa = PBXFileReference; lastKnownFileType = sourcecode.swift; path = PokedexTests.swift; sourceTree = "<group>"; };
		176832D12522E11C0027311F /* PokedexUITests.xctest */ = {isa = PBXFileReference; explicitFileType = wrapper.cfbundle; includeInIndex = 0; path = PokedexUITests.xctest; sourceTree = BUILT_PRODUCTS_DIR; };
		176832D52522E11C0027311F /* PokedexUITests.swift */ = {isa = PBXFileReference; lastKnownFileType = sourcecode.swift; path = PokedexUITests.swift; sourceTree = "<group>"; };
		176832E62522E1520027311F /* pokemons.json */ = {isa = PBXFileReference; fileEncoding = 4; lastKnownFileType = text.json; path = pokemons.json; sourceTree = "<group>"; };
		176832E72522E1520027311F /* PokemonGenerator.swift */ = {isa = PBXFileReference; fileEncoding = 4; lastKnownFileType = sourcecode.swift; path = PokemonGenerator.swift; sourceTree = "<group>"; };
		176832E82522E1530027311F /* Pokemon.swift */ = {isa = PBXFileReference; fileEncoding = 4; lastKnownFileType = sourcecode.swift; path = Pokemon.swift; sourceTree = "<group>"; };
		176832F22522E30E0027311F /* PokemonCollectionViewController.swift */ = {isa = PBXFileReference; lastKnownFileType = sourcecode.swift; path = PokemonCollectionViewController.swift; sourceTree = "<group>"; };
		17A9841425247992006A16D8 /* TableViewCell.swift */ = {isa = PBXFileReference; lastKnownFileType = sourcecode.swift; path = TableViewCell.swift; sourceTree = "<group>"; };
		17C7D328252304A70062FBF8 /* CollectionViewCell.swift */ = {isa = PBXFileReference; lastKnownFileType = sourcecode.swift; path = CollectionViewCell.swift; sourceTree = "<group>"; };
		17EE5BF3252465CB004A72D4 /* CollectionReusableView.swift */ = {isa = PBXFileReference; lastKnownFileType = sourcecode.swift; path = CollectionReusableView.swift; sourceTree = "<group>"; };
		17F6A00E25230DBB00859C1C /* Info.plist */ = {isa = PBXFileReference; fileEncoding = 4; lastKnownFileType = text.plist.xml; path = Info.plist; sourceTree = "<group>"; };
/* End PBXFileReference section */

/* Begin PBXFrameworksBuildPhase section */
		176832AD2522E1170027311F /* Frameworks */ = {
			isa = PBXFrameworksBuildPhase;
			buildActionMask = 2147483647;
			files = (
			);
			runOnlyForDeploymentPostprocessing = 0;
		};
		176832C32522E11C0027311F /* Frameworks */ = {
			isa = PBXFrameworksBuildPhase;
			buildActionMask = 2147483647;
			files = (
			);
			runOnlyForDeploymentPostprocessing = 0;
		};
		176832CE2522E11C0027311F /* Frameworks */ = {
			isa = PBXFrameworksBuildPhase;
			buildActionMask = 2147483647;
			files = (
			);
			runOnlyForDeploymentPostprocessing = 0;
		};
/* End PBXFrameworksBuildPhase section */

/* Begin PBXGroup section */
		176832A72522E1170027311F = {
			isa = PBXGroup;
			children = (
				176832B22522E1170027311F /* Pokedex */,
				176832C92522E11C0027311F /* PokedexTests */,
				176832D42522E11C0027311F /* PokedexUITests */,
				176832B12522E1170027311F /* Products */,
			);
			sourceTree = "<group>";
		};
		176832B12522E1170027311F /* Products */ = {
			isa = PBXGroup;
			children = (
				176832B02522E1170027311F /* Pokedex.app */,
				176832C62522E11C0027311F /* PokedexTests.xctest */,
				176832D12522E11C0027311F /* PokedexUITests.xctest */,
			);
			name = Products;
			sourceTree = "<group>";
		};
		176832B22522E1170027311F /* Pokedex */ = {
			isa = PBXGroup;
			children = (
				176832B32522E1170027311F /* AppDelegate.swift */,
				176832E62522E1520027311F /* pokemons.json */,
				1728679D2525AD82009407BA /* Pokedex.png */,
				172867982525A534009407BA /* tableView.png */,
				17F6A00E25230DBB00859C1C /* Info.plist */,
				176832E82522E1530027311F /* Pokemon.swift */,
				176832E72522E1520027311F /* PokemonGenerator.swift */,
				176832B52522E1170027311F /* SceneDelegate.swift */,
				176832B72522E1170027311F /* PokemonViewController.swift */,
				176832B92522E1170027311F /* Main.storyboard */,
				17C7D328252304A70062FBF8 /* CollectionViewCell.swift */,
				17A9841425247992006A16D8 /* TableViewCell.swift */,
				17EE5BF3252465CB004A72D4 /* CollectionReusableView.swift */,
				176832BC2522E11B0027311F /* Assets.xcassets */,
				176832BE2522E11B0027311F /* LaunchScreen.storyboard */,
				176832F22522E30E0027311F /* PokemonCollectionViewController.swift */,
			);
			path = Pokedex;
			sourceTree = "<group>";
		};
		176832C92522E11C0027311F /* PokedexTests */ = {
			isa = PBXGroup;
			children = (
				176832CA2522E11C0027311F /* PokedexTests.swift */,
			);
			path = PokedexTests;
			sourceTree = "<group>";
		};
		176832D42522E11C0027311F /* PokedexUITests */ = {
			isa = PBXGroup;
			children = (
				176832D52522E11C0027311F /* PokedexUITests.swift */,
			);
			path = PokedexUITests;
			sourceTree = "<group>";
		};
/* End PBXGroup section */

/* Begin PBXNativeTarget section */
		176832AF2522E1170027311F /* Pokedex */ = {
			isa = PBXNativeTarget;
			buildConfigurationList = 176832DA2522E11C0027311F /* Build configuration list for PBXNativeTarget "Pokedex" */;
			buildPhases = (
				176832AC2522E1170027311F /* Sources */,
				176832AD2522E1170027311F /* Frameworks */,
				176832AE2522E1170027311F /* Resources */,
			);
			buildRules = (
			);
			dependencies = (
			);
			name = Pokedex;
			productName = Pokedex;
			productReference = 176832B02522E1170027311F /* Pokedex.app */;
			productType = "com.apple.product-type.application";
		};
		176832C52522E11C0027311F /* PokedexTests */ = {
			isa = PBXNativeTarget;
			buildConfigurationList = 176832DD2522E11C0027311F /* Build configuration list for PBXNativeTarget "PokedexTests" */;
			buildPhases = (
				176832C22522E11C0027311F /* Sources */,
				176832C32522E11C0027311F /* Frameworks */,
				176832C42522E11C0027311F /* Resources */,
			);
			buildRules = (
			);
			dependencies = (
				176832C82522E11C0027311F /* PBXTargetDependency */,
			);
			name = PokedexTests;
			productName = PokedexTests;
			productReference = 176832C62522E11C0027311F /* PokedexTests.xctest */;
			productType = "com.apple.product-type.bundle.unit-test";
		};
		176832D02522E11C0027311F /* PokedexUITests */ = {
			isa = PBXNativeTarget;
			buildConfigurationList = 176832E02522E11C0027311F /* Build configuration list for PBXNativeTarget "PokedexUITests" */;
			buildPhases = (
				176832CD2522E11C0027311F /* Sources */,
				176832CE2522E11C0027311F /* Frameworks */,
				176832CF2522E11C0027311F /* Resources */,
			);
			buildRules = (
			);
			dependencies = (
				176832D32522E11C0027311F /* PBXTargetDependency */,
			);
			name = PokedexUITests;
			productName = PokedexUITests;
			productReference = 176832D12522E11C0027311F /* PokedexUITests.xctest */;
			productType = "com.apple.product-type.bundle.ui-testing";
		};
/* End PBXNativeTarget section */

/* Begin PBXProject section */
		176832A82522E1170027311F /* Project object */ = {
			isa = PBXProject;
			attributes = {
				LastSwiftUpdateCheck = 1200;
				LastUpgradeCheck = 1200;
				TargetAttributes = {
					176832AF2522E1170027311F = {
						CreatedOnToolsVersion = 12.0;
					};
					176832C52522E11C0027311F = {
						CreatedOnToolsVersion = 12.0;
						TestTargetID = 176832AF2522E1170027311F;
					};
					176832D02522E11C0027311F = {
						CreatedOnToolsVersion = 12.0;
						TestTargetID = 176832AF2522E1170027311F;
					};
				};
			};
			buildConfigurationList = 176832AB2522E1170027311F /* Build configuration list for PBXProject "Pokedex" */;
			compatibilityVersion = "Xcode 9.3";
			developmentRegion = en;
			hasScannedForEncodings = 0;
			knownRegions = (
				en,
				Base,
			);
			mainGroup = 176832A72522E1170027311F;
			productRefGroup = 176832B12522E1170027311F /* Products */;
			projectDirPath = "";
			projectRoot = "";
			targets = (
				176832AF2522E1170027311F /* Pokedex */,
				176832C52522E11C0027311F /* PokedexTests */,
				176832D02522E11C0027311F /* PokedexUITests */,
			);
		};
/* End PBXProject section */

/* Begin PBXResourcesBuildPhase section */
		176832AE2522E1170027311F /* Resources */ = {
			isa = PBXResourcesBuildPhase;
			buildActionMask = 2147483647;
			files = (
				176832C02522E11B0027311F /* LaunchScreen.storyboard in Resources */,
				176832E92522E1530027311F /* pokemons.json in Resources */,
				176832BD2522E11B0027311F /* Assets.xcassets in Resources */,
				172867992525A535009407BA /* tableView.png in Resources */,
				1728679E2525AD83009407BA /* Pokedex.png in Resources */,
				176832BB2522E1170027311F /* Main.storyboard in Resources */,
			);
			runOnlyForDeploymentPostprocessing = 0;
		};
		176832C42522E11C0027311F /* Resources */ = {
			isa = PBXResourcesBuildPhase;
			buildActionMask = 2147483647;
			files = (
			);
			runOnlyForDeploymentPostprocessing = 0;
		};
		176832CF2522E11C0027311F /* Resources */ = {
			isa = PBXResourcesBuildPhase;
			buildActionMask = 2147483647;
			files = (
			);
			runOnlyForDeploymentPostprocessing = 0;
		};
/* End PBXResourcesBuildPhase section */

/* Begin PBXSourcesBuildPhase section */
		176832AC2522E1170027311F /* Sources */ = {
			isa = PBXSourcesBuildPhase;
			buildActionMask = 2147483647;
			files = (
				176832EB2522E1530027311F /* Pokemon.swift in Sources */,
				17EE5BF4252465CB004A72D4 /* CollectionReusableView.swift in Sources */,
				176832B82522E1170027311F /* PokemonViewController.swift in Sources */,
				17A9841525247992006A16D8 /* TableViewCell.swift in Sources */,
				176832EA2522E1530027311F /* PokemonGenerator.swift in Sources */,
				17C7D329252304A70062FBF8 /* CollectionViewCell.swift in Sources */,
				176832B42522E1170027311F /* AppDelegate.swift in Sources */,
				176832F32522E30E0027311F /* PokemonCollectionViewController.swift in Sources */,
				176832B62522E1170027311F /* SceneDelegate.swift in Sources */,
			);
			runOnlyForDeploymentPostprocessing = 0;
		};
		176832C22522E11C0027311F /* Sources */ = {
			isa = PBXSourcesBuildPhase;
			buildActionMask = 2147483647;
			files = (
				176832CB2522E11C0027311F /* PokedexTests.swift in Sources */,
			);
			runOnlyForDeploymentPostprocessing = 0;
		};
		176832CD2522E11C0027311F /* Sources */ = {
			isa = PBXSourcesBuildPhase;
			buildActionMask = 2147483647;
			files = (
				176832D62522E11C0027311F /* PokedexUITests.swift in Sources */,
			);
			runOnlyForDeploymentPostprocessing = 0;
		};
/* End PBXSourcesBuildPhase section */

/* Begin PBXTargetDependency section */
		176832C82522E11C0027311F /* PBXTargetDependency */ = {
			isa = PBXTargetDependency;
			target = 176832AF2522E1170027311F /* Pokedex */;
			targetProxy = 176832C72522E11C0027311F /* PBXContainerItemProxy */;
		};
		176832D32522E11C0027311F /* PBXTargetDependency */ = {
			isa = PBXTargetDependency;
			target = 176832AF2522E1170027311F /* Pokedex */;
			targetProxy = 176832D22522E11C0027311F /* PBXContainerItemProxy */;
		};
/* End PBXTargetDependency section */

/* Begin PBXVariantGroup section */
		176832B92522E1170027311F /* Main.storyboard */ = {
			isa = PBXVariantGroup;
			children = (
				176832BA2522E1170027311F /* Base */,
			);
			name = Main.storyboard;
			sourceTree = "<group>";
		};
		176832BE2522E11B0027311F /* LaunchScreen.storyboard */ = {
			isa = PBXVariantGroup;
			children = (
				176832BF2522E11B0027311F /* Base */,
			);
			name = LaunchScreen.storyboard;
			sourceTree = "<group>";
		};
/* End PBXVariantGroup section */

/* Begin XCBuildConfiguration section */
		176832D82522E11C0027311F /* Debug */ = {
			isa = XCBuildConfiguration;
			buildSettings = {
				ALWAYS_SEARCH_USER_PATHS = NO;
				CLANG_ANALYZER_NONNULL = YES;
				CLANG_ANALYZER_NUMBER_OBJECT_CONVERSION = YES_AGGRESSIVE;
				CLANG_CXX_LANGUAGE_STANDARD = "gnu++14";
				CLANG_CXX_LIBRARY = "libc++";
				CLANG_ENABLE_MODULES = YES;
				CLANG_ENABLE_OBJC_ARC = YES;
				CLANG_ENABLE_OBJC_WEAK = YES;
				CLANG_WARN_BLOCK_CAPTURE_AUTORELEASING = YES;
				CLANG_WARN_BOOL_CONVERSION = YES;
				CLANG_WARN_COMMA = YES;
				CLANG_WARN_CONSTANT_CONVERSION = YES;
				CLANG_WARN_DEPRECATED_OBJC_IMPLEMENTATIONS = YES;
				CLANG_WARN_DIRECT_OBJC_ISA_USAGE = YES_ERROR;
				CLANG_WARN_DOCUMENTATION_COMMENTS = YES;
				CLANG_WARN_EMPTY_BODY = YES;
				CLANG_WARN_ENUM_CONVERSION = YES;
				CLANG_WARN_INFINITE_RECURSION = YES;
				CLANG_WARN_INT_CONVERSION = YES;
				CLANG_WARN_NON_LITERAL_NULL_CONVERSION = YES;
				CLANG_WARN_OBJC_IMPLICIT_RETAIN_SELF = YES;
				CLANG_WARN_OBJC_LITERAL_CONVERSION = YES;
				CLANG_WARN_OBJC_ROOT_CLASS = YES_ERROR;
				CLANG_WARN_QUOTED_INCLUDE_IN_FRAMEWORK_HEADER = YES;
				CLANG_WARN_RANGE_LOOP_ANALYSIS = YES;
				CLANG_WARN_STRICT_PROTOTYPES = YES;
				CLANG_WARN_SUSPICIOUS_MOVE = YES;
				CLANG_WARN_UNGUARDED_AVAILABILITY = YES_AGGRESSIVE;
				CLANG_WARN_UNREACHABLE_CODE = YES;
				CLANG_WARN__DUPLICATE_METHOD_MATCH = YES;
				COPY_PHASE_STRIP = NO;
				DEBUG_INFORMATION_FORMAT = dwarf;
				ENABLE_STRICT_OBJC_MSGSEND = YES;
				ENABLE_TESTABILITY = YES;
				GCC_C_LANGUAGE_STANDARD = gnu11;
				GCC_DYNAMIC_NO_PIC = NO;
				GCC_NO_COMMON_BLOCKS = YES;
				GCC_OPTIMIZATION_LEVEL = 0;
				GCC_PREPROCESSOR_DEFINITIONS = (
					"DEBUG=1",
					"$(inherited)",
				);
				GCC_WARN_64_TO_32_BIT_CONVERSION = YES;
				GCC_WARN_ABOUT_RETURN_TYPE = YES_ERROR;
				GCC_WARN_UNDECLARED_SELECTOR = YES;
				GCC_WARN_UNINITIALIZED_AUTOS = YES_AGGRESSIVE;
				GCC_WARN_UNUSED_FUNCTION = YES;
				GCC_WARN_UNUSED_VARIABLE = YES;
				IPHONEOS_DEPLOYMENT_TARGET = 14.0;
				MTL_ENABLE_DEBUG_INFO = INCLUDE_SOURCE;
				MTL_FAST_MATH = YES;
				ONLY_ACTIVE_ARCH = YES;
				SDKROOT = iphoneos;
				SWIFT_ACTIVE_COMPILATION_CONDITIONS = DEBUG;
				SWIFT_OPTIMIZATION_LEVEL = "-Onone";
			};
			name = Debug;
		};
		176832D92522E11C0027311F /* Release */ = {
			isa = XCBuildConfiguration;
			buildSettings = {
				ALWAYS_SEARCH_USER_PATHS = NO;
				CLANG_ANALYZER_NONNULL = YES;
				CLANG_ANALYZER_NUMBER_OBJECT_CONVERSION = YES_AGGRESSIVE;
				CLANG_CXX_LANGUAGE_STANDARD = "gnu++14";
				CLANG_CXX_LIBRARY = "libc++";
				CLANG_ENABLE_MODULES = YES;
				CLANG_ENABLE_OBJC_ARC = YES;
				CLANG_ENABLE_OBJC_WEAK = YES;
				CLANG_WARN_BLOCK_CAPTURE_AUTORELEASING = YES;
				CLANG_WARN_BOOL_CONVERSION = YES;
				CLANG_WARN_COMMA = YES;
				CLANG_WARN_CONSTANT_CONVERSION = YES;
				CLANG_WARN_DEPRECATED_OBJC_IMPLEMENTATIONS = YES;
				CLANG_WARN_DIRECT_OBJC_ISA_USAGE = YES_ERROR;
				CLANG_WARN_DOCUMENTATION_COMMENTS = YES;
				CLANG_WARN_EMPTY_BODY = YES;
				CLANG_WARN_ENUM_CONVERSION = YES;
				CLANG_WARN_INFINITE_RECURSION = YES;
				CLANG_WARN_INT_CONVERSION = YES;
				CLANG_WARN_NON_LITERAL_NULL_CONVERSION = YES;
				CLANG_WARN_OBJC_IMPLICIT_RETAIN_SELF = YES;
				CLANG_WARN_OBJC_LITERAL_CONVERSION = YES;
				CLANG_WARN_OBJC_ROOT_CLASS = YES_ERROR;
				CLANG_WARN_QUOTED_INCLUDE_IN_FRAMEWORK_HEADER = YES;
				CLANG_WARN_RANGE_LOOP_ANALYSIS = YES;
				CLANG_WARN_STRICT_PROTOTYPES = YES;
				CLANG_WARN_SUSPICIOUS_MOVE = YES;
				CLANG_WARN_UNGUARDED_AVAILABILITY = YES_AGGRESSIVE;
				CLANG_WARN_UNREACHABLE_CODE = YES;
				CLANG_WARN__DUPLICATE_METHOD_MATCH = YES;
				COPY_PHASE_STRIP = NO;
				DEBUG_INFORMATION_FORMAT = "dwarf-with-dsym";
				ENABLE_NS_ASSERTIONS = NO;
				ENABLE_STRICT_OBJC_MSGSEND = YES;
				GCC_C_LANGUAGE_STANDARD = gnu11;
				GCC_NO_COMMON_BLOCKS = YES;
				GCC_WARN_64_TO_32_BIT_CONVERSION = YES;
				GCC_WARN_ABOUT_RETURN_TYPE = YES_ERROR;
				GCC_WARN_UNDECLARED_SELECTOR = YES;
				GCC_WARN_UNINITIALIZED_AUTOS = YES_AGGRESSIVE;
				GCC_WARN_UNUSED_FUNCTION = YES;
				GCC_WARN_UNUSED_VARIABLE = YES;
				IPHONEOS_DEPLOYMENT_TARGET = 14.0;
				MTL_ENABLE_DEBUG_INFO = NO;
				MTL_FAST_MATH = YES;
				SDKROOT = iphoneos;
				SWIFT_COMPILATION_MODE = wholemodule;
				SWIFT_OPTIMIZATION_LEVEL = "-O";
				VALIDATE_PRODUCT = YES;
			};
			name = Release;
		};
		176832DB2522E11C0027311F /* Debug */ = {
			isa = XCBuildConfiguration;
			buildSettings = {
				ASSETCATALOG_COMPILER_APPICON_NAME = AppIcon;
				ASSETCATALOG_COMPILER_GLOBAL_ACCENT_COLOR_NAME = AccentColor;
				CODE_SIGN_STYLE = Automatic;
				INFOPLIST_FILE = Pokedex/Info.plist;
				LD_RUNPATH_SEARCH_PATHS = (
					"$(inherited)",
					"@executable_path/Frameworks",
				);
				PRODUCT_BUNDLE_IDENTIFIER = com.mkroll.Pokedex;
				PRODUCT_NAME = "$(TARGET_NAME)";
				SWIFT_VERSION = 5.0;
				TARGETED_DEVICE_FAMILY = "1,2";
			};
			name = Debug;
		};
		176832DC2522E11C0027311F /* Release */ = {
			isa = XCBuildConfiguration;
			buildSettings = {
				ASSETCATALOG_COMPILER_APPICON_NAME = AppIcon;
				ASSETCATALOG_COMPILER_GLOBAL_ACCENT_COLOR_NAME = AccentColor;
				CODE_SIGN_STYLE = Automatic;
				INFOPLIST_FILE = Pokedex/Info.plist;
				LD_RUNPATH_SEARCH_PATHS = (
					"$(inherited)",
					"@executable_path/Frameworks",
				);
				PRODUCT_BUNDLE_IDENTIFIER = com.mkroll.Pokedex;
				PRODUCT_NAME = "$(TARGET_NAME)";
				SWIFT_VERSION = 5.0;
				TARGETED_DEVICE_FAMILY = "1,2";
			};
			name = Release;
		};
		176832DE2522E11C0027311F /* Debug */ = {
			isa = XCBuildConfiguration;
			buildSettings = {
				ALWAYS_EMBED_SWIFT_STANDARD_LIBRARIES = YES;
				BUNDLE_LOADER = "$(TEST_HOST)";
				CODE_SIGN_STYLE = Automatic;
				INFOPLIST_FILE = PokedexTests/Info.plist;
				IPHONEOS_DEPLOYMENT_TARGET = 14.0;
				LD_RUNPATH_SEARCH_PATHS = (
					"$(inherited)",
					"@executable_path/Frameworks",
					"@loader_path/Frameworks",
				);
				PRODUCT_BUNDLE_IDENTIFIER = com.mkroll.PokedexTests;
				PRODUCT_NAME = "$(TARGET_NAME)";
				SWIFT_VERSION = 5.0;
				TARGETED_DEVICE_FAMILY = "1,2";
				TEST_HOST = "$(BUILT_PRODUCTS_DIR)/Pokedex.app/Pokedex";
			};
			name = Debug;
		};
		176832DF2522E11C0027311F /* Release */ = {
			isa = XCBuildConfiguration;
			buildSettings = {
				ALWAYS_EMBED_SWIFT_STANDARD_LIBRARIES = YES;
				BUNDLE_LOADER = "$(TEST_HOST)";
				CODE_SIGN_STYLE = Automatic;
				INFOPLIST_FILE = PokedexTests/Info.plist;
				IPHONEOS_DEPLOYMENT_TARGET = 14.0;
				LD_RUNPATH_SEARCH_PATHS = (
					"$(inherited)",
					"@executable_path/Frameworks",
					"@loader_path/Frameworks",
				);
				PRODUCT_BUNDLE_IDENTIFIER = com.mkroll.PokedexTests;
				PRODUCT_NAME = "$(TARGET_NAME)";
				SWIFT_VERSION = 5.0;
				TARGETED_DEVICE_FAMILY = "1,2";
				TEST_HOST = "$(BUILT_PRODUCTS_DIR)/Pokedex.app/Pokedex";
			};
			name = Release;
		};
		176832E12522E11C0027311F /* Debug */ = {
			isa = XCBuildConfiguration;
			buildSettings = {
				ALWAYS_EMBED_SWIFT_STANDARD_LIBRARIES = YES;
				CODE_SIGN_STYLE = Automatic;
				INFOPLIST_FILE = PokedexUITests/Info.plist;
				LD_RUNPATH_SEARCH_PATHS = (
					"$(inherited)",
					"@executable_path/Frameworks",
					"@loader_path/Frameworks",
				);
				PRODUCT_BUNDLE_IDENTIFIER = com.mkroll.PokedexUITests;
				PRODUCT_NAME = "$(TARGET_NAME)";
				SWIFT_VERSION = 5.0;
				TARGETED_DEVICE_FAMILY = "1,2";
				TEST_TARGET_NAME = Pokedex;
			};
			name = Debug;
		};
		176832E22522E11C0027311F /* Release */ = {
			isa = XCBuildConfiguration;
			buildSettings = {
				ALWAYS_EMBED_SWIFT_STANDARD_LIBRARIES = YES;
				CODE_SIGN_STYLE = Automatic;
				INFOPLIST_FILE = PokedexUITests/Info.plist;
				LD_RUNPATH_SEARCH_PATHS = (
					"$(inherited)",
					"@executable_path/Frameworks",
					"@loader_path/Frameworks",
				);
				PRODUCT_BUNDLE_IDENTIFIER = com.mkroll.PokedexUITests;
				PRODUCT_NAME = "$(TARGET_NAME)";
				SWIFT_VERSION = 5.0;
				TARGETED_DEVICE_FAMILY = "1,2";
				TEST_TARGET_NAME = Pokedex;
			};
			name = Release;
		};
/* End XCBuildConfiguration section */

/* Begin XCConfigurationList section */
		176832AB2522E1170027311F /* Build configuration list for PBXProject "Pokedex" */ = {
			isa = XCConfigurationList;
			buildConfigurations = (
				176832D82522E11C0027311F /* Debug */,
				176832D92522E11C0027311F /* Release */,
			);
			defaultConfigurationIsVisible = 0;
			defaultConfigurationName = Release;
		};
		176832DA2522E11C0027311F /* Build configuration list for PBXNativeTarget "Pokedex" */ = {
			isa = XCConfigurationList;
			buildConfigurations = (
				176832DB2522E11C0027311F /* Debug */,
				176832DC2522E11C0027311F /* Release */,
			);
			defaultConfigurationIsVisible = 0;
			defaultConfigurationName = Release;
		};
		176832DD2522E11C0027311F /* Build configuration list for PBXNativeTarget "PokedexTests" */ = {
			isa = XCConfigurationList;
			buildConfigurations = (
				176832DE2522E11C0027311F /* Debug */,
				176832DF2522E11C0027311F /* Release */,
			);
			defaultConfigurationIsVisible = 0;
			defaultConfigurationName = Release;
		};
		176832E02522E11C0027311F /* Build configuration list for PBXNativeTarget "PokedexUITests" */ = {
			isa = XCConfigurationList;
			buildConfigurations = (
				176832E12522E11C0027311F /* Debug */,
				176832E22522E11C0027311F /* Release */,
			);
			defaultConfigurationIsVisible = 0;
			defaultConfigurationName = Release;
		};
/* End XCConfigurationList section */
	};
	rootObject = 176832A82522E1170027311F /* Project object */;
}
